
Microsoft Visual Studio Solution File, Format Version 12.00
# Visual Studio Version 16
VisualStudioVersion = 16.0.29306.81
MinimumVisualStudioVersion = 10.0.40219.1
Project("{FAE04EC0-301F-11D3-BF4B-00C04F79EFBC}") = "MRDemo", "MRDemo\MRDemo.csproj", "{3C2C2BE0-CD66-4EF1-B043-8F1945B9B3E2}"
EndProject
Global
	GlobalSection(SolutionConfigurationPlatforms) = preSolution
		Debug|Any CPU = Debug|Any CPU
		Release|Any CPU = Release|Any CPU
	EndGlobalSection
	GlobalSection(ProjectConfigurationPlatforms) = postSolution
		{3C2C2BE0-CD66-4EF1-B043-8F1945B9B3E2}.Debug|Any CPU.ActiveCfg = Debug|Any CPU
		{3C2C2BE0-CD66-4EF1-B043-8F1945B9B3E2}.Debug|Any CPU.Build.0 = Debug|Any CPU
		{3C2C2BE0-CD66-4EF1-B043-8F1945B9B3E2}.Release|Any CPU.ActiveCfg = Release|Any CPU
		{3C2C2BE0-CD66-4EF1-B043-8F1945B9B3E2}.Release|Any CPU.Build.0 = Release|Any CPU
	EndGlobalSection
	GlobalSection(SolutionProperties) = preSolution
		HideSolutionNode = FALSE
	EndGlobalSection
	GlobalSection(ExtensibilityGlobals) = postSolution
		SolutionGuid = {C0A625F6-04FF-458B-8726-9B60C0A8E976}
	EndGlobalSection
EndGlobal
